
Microsoft Visual Studio Solution File, Format Version 12.00
# Visual Studio Version 16
VisualStudioVersion = 16.0.31729.503
MinimumVisualStudioVersion = 10.0.40219.1
Project("{888888A0-9F3D-457C-B088-3A5042F75D52}") = "Work_with_widget", "Work_with_widget.pyproj", "{2086D3E2-E52A-4098-B65E-46FEA7558DCA}"
EndProject
Global
	GlobalSection(SolutionConfigurationPlatforms) = preSolution
		Debug|Any CPU = Debug|Any CPU
		Release|Any CPU = Release|Any CPU
	EndGlobalSection
	GlobalSection(ProjectConfigurationPlatforms) = postSolution
		{2086D3E2-E52A-4098-B65E-46FEA7558DCA}.Debug|Any CPU.ActiveCfg = Debug|Any CPU
		{2086D3E2-E52A-4098-B65E-46FEA7558DCA}.Release|Any CPU.ActiveCfg = Release|Any CPU
	EndGlobalSection
	GlobalSection(SolutionProperties) = preSolution
		HideSolutionNode = FALSE
	EndGlobalSection
	GlobalSection(ExtensibilityGlobals) = postSolution
		SolutionGuid = {D145564D-46C0-4078-B928-699BA37292E8}
	EndGlobalSection
EndGlobal
